
Microsoft Visual Studio Solution File, Format Version 12.00
# Visual Studio Version 17
VisualStudioVersion = 17.12.35707.178
MinimumVisualStudioVersion = 10.0.40219.1
Project("{2150E333-8FDC-42A3-9474-1A3956D46DE8}") = "Services", "Services", "{235A46B9-C4C5-4063-8E0B-0D20B105F5DD}"
EndProject
Project("{2150E333-8FDC-42A3-9474-1A3956D46DE8}") = "Catalog", "Catalog", "{302C408F-3EEC-4AE5-B52F-1E0CA545FBAD}"
EndProject
Project("{FAE04EC0-301F-11D3-BF4B-00C04F79EFBC}") = "Catalog.Api", "Services\Catalog\Catalog.Api\Catalog.Api.csproj", "{3ADC9259-D013-4548-9101-C62C2C8903F9}"
EndProject
Project("{2150E333-8FDC-42A3-9474-1A3956D46DE8}") = "BuildingBlocks", "BuildingBlocks", "{04D77D3E-E881-4BF0-944A-1053CE522A64}"
EndProject
Project("{FAE04EC0-301F-11D3-BF4B-00C04F79EFBC}") = "BuildingBlocks", "buildingBlocks\BuildingBlocks\BuildingBlocks.csproj", "{639D1BD6-BDBE-4FF0-B253-58211D3FDAC5}"
EndProject
Project("{E53339B2-1760-4266-BCC7-CA923CBCF16C}") = "docker-compose", "docker-compose.dcproj", "{2D1534B1-1FE9-408E-ADF1-CD2071063616}"
EndProject
Project("{2150E333-8FDC-42A3-9474-1A3956D46DE8}") = "Basket", "Basket", "{CF868469-A93A-4C8E-B5CB-D873FAD42034}"
EndProject
Project("{FAE04EC0-301F-11D3-BF4B-00C04F79EFBC}") = "Basket.Api", "Services\Basket\Basket.Api\Basket.Api.csproj", "{854017A1-335D-4C2F-9131-10E72DC39C88}"
EndProject
Global
	GlobalSection(SolutionConfigurationPlatforms) = preSolution
		Debug|Any CPU = Debug|Any CPU
		Release|Any CPU = Release|Any CPU
	EndGlobalSection
	GlobalSection(ProjectConfigurationPlatforms) = postSolution
		{3ADC9259-D013-4548-9101-C62C2C8903F9}.Debug|Any CPU.ActiveCfg = Debug|Any CPU
		{3ADC9259-D013-4548-9101-C62C2C8903F9}.Debug|Any CPU.Build.0 = Debug|Any CPU
		{3ADC9259-D013-4548-9101-C62C2C8903F9}.Release|Any CPU.ActiveCfg = Release|Any CPU
		{3ADC9259-D013-4548-9101-C62C2C8903F9}.Release|Any CPU.Build.0 = Release|Any CPU
		{639D1BD6-BDBE-4FF0-B253-58211D3FDAC5}.Debug|Any CPU.ActiveCfg = Debug|Any CPU
		{639D1BD6-BDBE-4FF0-B253-58211D3FDAC5}.Debug|Any CPU.Build.0 = Debug|Any CPU
		{639D1BD6-BDBE-4FF0-B253-58211D3FDAC5}.Release|Any CPU.ActiveCfg = Release|Any CPU
		{639D1BD6-BDBE-4FF0-B253-58211D3FDAC5}.Release|Any CPU.Build.0 = Release|Any CPU
		{2D1534B1-1FE9-408E-ADF1-CD2071063616}.Debug|Any CPU.ActiveCfg = Debug|Any CPU
		{2D1534B1-1FE9-408E-ADF1-CD2071063616}.Debug|Any CPU.Build.0 = Debug|Any CPU
		{2D1534B1-1FE9-408E-ADF1-CD2071063616}.Release|Any CPU.ActiveCfg = Release|Any CPU
		{2D1534B1-1FE9-408E-ADF1-CD2071063616}.Release|Any CPU.Build.0 = Release|Any CPU
		{854017A1-335D-4C2F-9131-10E72DC39C88}.Debug|Any CPU.ActiveCfg = Debug|Any CPU
		{854017A1-335D-4C2F-9131-10E72DC39C88}.Debug|Any CPU.Build.0 = Debug|Any CPU
		{854017A1-335D-4C2F-9131-10E72DC39C88}.Release|Any CPU.ActiveCfg = Release|Any CPU
		{854017A1-335D-4C2F-9131-10E72DC39C88}.Release|Any CPU.Build.0 = Release|Any CPU
	EndGlobalSection
	GlobalSection(SolutionProperties) = preSolution
		HideSolutionNode = FALSE
	EndGlobalSection
	GlobalSection(NestedProjects) = preSolution
		{302C408F-3EEC-4AE5-B52F-1E0CA545FBAD} = {235A46B9-C4C5-4063-8E0B-0D20B105F5DD}
		{3ADC9259-D013-4548-9101-C62C2C8903F9} = {302C408F-3EEC-4AE5-B52F-1E0CA545FBAD}
		{639D1BD6-BDBE-4FF0-B253-58211D3FDAC5} = {04D77D3E-E881-4BF0-944A-1053CE522A64}
		{CF868469-A93A-4C8E-B5CB-D873FAD42034} = {235A46B9-C4C5-4063-8E0B-0D20B105F5DD}
		{854017A1-335D-4C2F-9131-10E72DC39C88} = {CF868469-A93A-4C8E-B5CB-D873FAD42034}
	EndGlobalSection
EndGlobal
